
Microsoft Visual Studio Solution File, Format Version 12.00
# Visual Studio Version 17
VisualStudioVersion = 17.3.32922.545
MinimumVisualStudioVersion = 10.0.40219.1
Project("{FAE04EC0-301F-11D3-BF4B-00C04F79EFBC}") = "Practice", "Practice.csproj", "{A17A877B-8E91-4C62-84B8-F707A9F166FE}"
EndProject
Global
	GlobalSection(SolutionConfigurationPlatforms) = preSolution
		Debug|Any CPU = Debug|Any CPU
		Release|Any CPU = Release|Any CPU
	EndGlobalSection
	GlobalSection(ProjectConfigurationPlatforms) = postSolution
		{A17A877B-8E91-4C62-84B8-F707A9F166FE}.Debug|Any CPU.ActiveCfg = Debug|Any CPU
		{A17A877B-8E91-4C62-84B8-F707A9F166FE}.Debug|Any CPU.Build.0 = Debug|Any CPU
		{A17A877B-8E91-4C62-84B8-F707A9F166FE}.Release|Any CPU.ActiveCfg = Release|Any CPU
		{A17A877B-8E91-4C62-84B8-F707A9F166FE}.Release|Any CPU.Build.0 = Release|Any CPU
	EndGlobalSection
	GlobalSection(SolutionProperties) = preSolution
		HideSolutionNode = FALSE
	EndGlobalSection
	GlobalSection(ExtensibilityGlobals) = postSolution
		SolutionGuid = {4153C84E-DB73-4742-BB7C-BECCE406FAA4}
	EndGlobalSection
EndGlobal
